// !$*UTF8*$!
{
	archiveVersion = 1;
	classes = {
	};
	objectVersion = 56;
	objects = {

/* Begin PBXBuildFile section */
		035654B52A84B9D000A85015 /* AppDelegate.swift in Sources */ = {isa = PBXBuildFile; fileRef = 035654B42A84B9D000A85015 /* AppDelegate.swift */; };
		035654B72A84B9D000A85015 /* SceneDelegate.swift in Sources */ = {isa = PBXBuildFile; fileRef = 035654B62A84B9D000A85015 /* SceneDelegate.swift */; };
		035654BC2A84B9D000A85015 /* Main.storyboard in Resources */ = {isa = PBXBuildFile; fileRef = 035654BA2A84B9D000A85015 /* Main.storyboard */; };
		035654BF2A84B9D000A85015 /* HwMemo.xcdatamodeld in Sources */ = {isa = PBXBuildFile; fileRef = 035654BD2A84B9D000A85015 /* HwMemo.xcdatamodeld */; };
		035654C12A84B9D100A85015 /* Assets.xcassets in Resources */ = {isa = PBXBuildFile; fileRef = 035654C02A84B9D100A85015 /* Assets.xcassets */; };
		035654C42A84B9D100A85015 /* LaunchScreen.storyboard in Resources */ = {isa = PBXBuildFile; fileRef = 035654C22A84B9D100A85015 /* LaunchScreen.storyboard */; };
		035654CD2A84BC8500A85015 /* Model.swift in Sources */ = {isa = PBXBuildFile; fileRef = 035654CC2A84BC8500A85015 /* Model.swift */; };
		035654CF2A84C42C00A85015 /* MemoListTableViewController.swift in Sources */ = {isa = PBXBuildFile; fileRef = 035654CE2A84C42C00A85015 /* MemoListTableViewController.swift */; };
		035654E42A85D7C800A85015 /* ComposeViewController.swift in Sources */ = {isa = PBXBuildFile; fileRef = 035654E32A85D7C800A85015 /* ComposeViewController.swift */; };
/* End PBXBuildFile section */

/* Begin PBXFileReference section */
		035654B12A84B9D000A85015 /* HwMemo.app */ = {isa = PBXFileReference; explicitFileType = wrapper.application; includeInIndex = 0; path = HwMemo.app; sourceTree = BUILT_PRODUCTS_DIR; };
		035654B42A84B9D000A85015 /* AppDelegate.swift */ = {isa = PBXFileReference; lastKnownFileType = sourcecode.swift; path = AppDelegate.swift; sourceTree = "<group>"; };
		035654B62A84B9D000A85015 /* SceneDelegate.swift */ = {isa = PBXFileReference; lastKnownFileType = sourcecode.swift; path = SceneDelegate.swift; sourceTree = "<group>"; };
		035654BB2A84B9D000A85015 /* Base */ = {isa = PBXFileReference; lastKnownFileType = file.storyboard; name = Base; path = Base.lproj/Main.storyboard; sourceTree = "<group>"; };
		035654BE2A84B9D000A85015 /* HwMemo.xcdatamodel */ = {isa = PBXFileReference; lastKnownFileType = wrapper.xcdatamodel; path = HwMemo.xcdatamodel; sourceTree = "<group>"; };
		035654C02A84B9D100A85015 /* Assets.xcassets */ = {isa = PBXFileReference; lastKnownFileType = folder.assetcatalog; path = Assets.xcassets; sourceTree = "<group>"; };
		035654C32A84B9D100A85015 /* Base */ = {isa = PBXFileReference; lastKnownFileType = file.storyboard; name = Base; path = Base.lproj/LaunchScreen.storyboard; sourceTree = "<group>"; };
		035654C52A84B9D100A85015 /* Info.plist */ = {isa = PBXFileReference; lastKnownFileType = text.plist.xml; path = Info.plist; sourceTree = "<group>"; };
		035654CC2A84BC8500A85015 /* Model.swift */ = {isa = PBXFileReference; lastKnownFileType = sourcecode.swift; path = Model.swift; sourceTree = "<group>"; };
		035654CE2A84C42C00A85015 /* MemoListTableViewController.swift */ = {isa = PBXFileReference; lastKnownFileType = sourcecode.swift; path = MemoListTableViewController.swift; sourceTree = "<group>"; };
		035654E32A85D7C800A85015 /* ComposeViewController.swift */ = {isa = PBXFileReference; lastKnownFileType = sourcecode.swift; path = ComposeViewController.swift; sourceTree = "<group>"; };
/* End PBXFileReference section */

/* Begin PBXFrameworksBuildPhase section */
		035654AE2A84B9D000A85015 /* Frameworks */ = {
			isa = PBXFrameworksBuildPhase;
			buildActionMask = 2147483647;
			files = (
			);
			runOnlyForDeploymentPostprocessing = 0;
		};
/* End PBXFrameworksBuildPhase section */

/* Begin PBXGroup section */
		035654A82A84B9D000A85015 = {
			isa = PBXGroup;
			children = (
				035654B32A84B9D000A85015 /* HwMemo */,
				035654B22A84B9D000A85015 /* Products */,
			);
			sourceTree = "<group>";
		};
		035654B22A84B9D000A85015 /* Products */ = {
			isa = PBXGroup;
			children = (
				035654B12A84B9D000A85015 /* HwMemo.app */,
			);
			name = Products;
			sourceTree = "<group>";
		};
		035654B32A84B9D000A85015 /* HwMemo */ = {
			isa = PBXGroup;
			children = (
				035654CB2A84BC6500A85015 /* Model */,
				035654B42A84B9D000A85015 /* AppDelegate.swift */,
				035654B62A84B9D000A85015 /* SceneDelegate.swift */,
				035654BA2A84B9D000A85015 /* Main.storyboard */,
				035654C02A84B9D100A85015 /* Assets.xcassets */,
				035654C22A84B9D100A85015 /* LaunchScreen.storyboard */,
				035654C52A84B9D100A85015 /* Info.plist */,
				035654BD2A84B9D000A85015 /* HwMemo.xcdatamodeld */,
				035654CE2A84C42C00A85015 /* MemoListTableViewController.swift */,
				035654E32A85D7C800A85015 /* ComposeViewController.swift */,
			);
			path = HwMemo;
			sourceTree = "<group>";
		};
		035654CB2A84BC6500A85015 /* Model */ = {
			isa = PBXGroup;
			children = (
				035654CC2A84BC8500A85015 /* Model.swift */,
			);
			path = Model;
			sourceTree = "<group>";
		};
/* End PBXGroup section */

/* Begin PBXNativeTarget section */
		035654B02A84B9D000A85015 /* HwMemo */ = {
			isa = PBXNativeTarget;
			buildConfigurationList = 035654C82A84B9D100A85015 /* Build configuration list for PBXNativeTarget "HwMemo" */;
			buildPhases = (
				035654AD2A84B9D000A85015 /* Sources */,
				035654AE2A84B9D000A85015 /* Frameworks */,
				035654AF2A84B9D000A85015 /* Resources */,
			);
			buildRules = (
			);
			dependencies = (
			);
			name = HwMemo;
			productName = HwMemo;
			productReference = 035654B12A84B9D000A85015 /* HwMemo.app */;
			productType = "com.apple.product-type.application";
		};
/* End PBXNativeTarget section */

/* Begin PBXProject section */
		035654A92A84B9D000A85015 /* Project object */ = {
			isa = PBXProject;
			attributes = {
				BuildIndependentTargetsInParallel = 1;
				LastSwiftUpdateCheck = 1430;
				LastUpgradeCheck = 1430;
				TargetAttributes = {
					035654B02A84B9D000A85015 = {
						CreatedOnToolsVersion = 14.3.1;
					};
				};
			};
			buildConfigurationList = 035654AC2A84B9D000A85015 /* Build configuration list for PBXProject "HwMemo" */;
			compatibilityVersion = "Xcode 14.0";
			developmentRegion = en;
			hasScannedForEncodings = 0;
			knownRegions = (
				en,
				Base,
			);
			mainGroup = 035654A82A84B9D000A85015;
			productRefGroup = 035654B22A84B9D000A85015 /* Products */;
			projectDirPath = "";
			projectRoot = "";
			targets = (
				035654B02A84B9D000A85015 /* HwMemo */,
			);
		};
/* End PBXProject section */

/* Begin PBXResourcesBuildPhase section */
		035654AF2A84B9D000A85015 /* Resources */ = {
			isa = PBXResourcesBuildPhase;
			buildActionMask = 2147483647;
			files = (
				035654C42A84B9D100A85015 /* LaunchScreen.storyboard in Resources */,
				035654C12A84B9D100A85015 /* Assets.xcassets in Resources */,
				035654BC2A84B9D000A85015 /* Main.storyboard in Resources */,
			);
			runOnlyForDeploymentPostprocessing = 0;
		};
/* End PBXResourcesBuildPhase section */

/* Begin PBXSourcesBuildPhase section */
		035654AD2A84B9D000A85015 /* Sources */ = {
			isa = PBXSourcesBuildPhase;
			buildActionMask = 2147483647;
			files = (
				035654BF2A84B9D000A85015 /* HwMemo.xcdatamodeld in Sources */,
				035654B52A84B9D000A85015 /* AppDelegate.swift in Sources */,
				035654CF2A84C42C00A85015 /* MemoListTableViewController.swift in Sources */,
				035654E42A85D7C800A85015 /* ComposeViewController.swift in Sources */,
				035654B72A84B9D000A85015 /* SceneDelegate.swift in Sources */,
				035654CD2A84BC8500A85015 /* Model.swift in Sources */,
			);
			runOnlyForDeploymentPostprocessing = 0;
		};
/* End PBXSourcesBuildPhase section */

/* Begin PBXVariantGroup section */
		035654BA2A84B9D000A85015 /* Main.storyboard */ = {
			isa = PBXVariantGroup;
			children = (
				035654BB2A84B9D000A85015 /* Base */,
			);
			name = Main.storyboard;
			sourceTree = "<group>";
		};
		035654C22A84B9D100A85015 /* LaunchScreen.storyboard */ = {
			isa = PBXVariantGroup;
			children = (
				035654C32A84B9D100A85015 /* Base */,
			);
			name = LaunchScreen.storyboard;
			sourceTree = "<group>";
		};
/* End PBXVariantGroup section */

/* Begin XCBuildConfiguration section */
		035654C62A84B9D100A85015 /* Debug */ = {
			isa = XCBuildConfiguration;
			buildSettings = {
				ALWAYS_SEARCH_USER_PATHS = NO;
				CLANG_ANALYZER_NONNULL = YES;
				CLANG_ANALYZER_NUMBER_OBJECT_CONVERSION = YES_AGGRESSIVE;
				CLANG_CXX_LANGUAGE_STANDARD = "gnu++20";
				CLANG_ENABLE_MODULES = YES;
				CLANG_ENABLE_OBJC_ARC = YES;
				CLANG_ENABLE_OBJC_WEAK = YES;
				CLANG_WARN_BLOCK_CAPTURE_AUTORELEASING = YES;
				CLANG_WARN_BOOL_CONVERSION = YES;
				CLANG_WARN_COMMA = YES;
				CLANG_WARN_CONSTANT_CONVERSION = YES;
				CLANG_WARN_DEPRECATED_OBJC_IMPLEMENTATIONS = YES;
				CLANG_WARN_DIRECT_OBJC_ISA_USAGE = YES_ERROR;
				CLANG_WARN_DOCUMENTATION_COMMENTS = YES;
				CLANG_WARN_EMPTY_BODY = YES;
				CLANG_WARN_ENUM_CONVERSION = YES;
				CLANG_WARN_INFINITE_RECURSION = YES;
				CLANG_WARN_INT_CONVERSION = YES;
				CLANG_WARN_NON_LITERAL_NULL_CONVERSION = YES;
				CLANG_WARN_OBJC_IMPLICIT_RETAIN_SELF = YES;
				CLANG_WARN_OBJC_LITERAL_CONVERSION = YES;
				CLANG_WARN_OBJC_ROOT_CLASS = YES_ERROR;
				CLANG_WARN_QUOTED_INCLUDE_IN_FRAMEWORK_HEADER = YES;
				CLANG_WARN_RANGE_LOOP_ANALYSIS = YES;
				CLANG_WARN_STRICT_PROTOTYPES = YES;
				CLANG_WARN_SUSPICIOUS_MOVE = YES;
				CLANG_WARN_UNGUARDED_AVAILABILITY = YES_AGGRESSIVE;
				CLANG_WARN_UNREACHABLE_CODE = YES;
				CLANG_WARN__DUPLICATE_METHOD_MATCH = YES;
				COPY_PHASE_STRIP = NO;
				DEBUG_INFORMATION_FORMAT = dwarf;
				ENABLE_STRICT_OBJC_MSGSEND = YES;
				ENABLE_TESTABILITY = YES;
				GCC_C_LANGUAGE_STANDARD = gnu11;
				GCC_DYNAMIC_NO_PIC = NO;
				GCC_NO_COMMON_BLOCKS = YES;
				GCC_OPTIMIZATION_LEVEL = 0;
				GCC_PREPROCESSOR_DEFINITIONS = (
					"DEBUG=1",
					"$(inherited)",
				);
				GCC_WARN_64_TO_32_BIT_CONVERSION = YES;
				GCC_WARN_ABOUT_RETURN_TYPE = YES_ERROR;
				GCC_WARN_UNDECLARED_SELECTOR = YES;
				GCC_WARN_UNINITIALIZED_AUTOS = YES_AGGRESSIVE;
				GCC_WARN_UNUSED_FUNCTION = YES;
				GCC_WARN_UNUSED_VARIABLE = YES;
				IPHONEOS_DEPLOYMENT_TARGET = 16.4;
				MTL_ENABLE_DEBUG_INFO = INCLUDE_SOURCE;
				MTL_FAST_MATH = YES;
				ONLY_ACTIVE_ARCH = YES;
				SDKROOT = iphoneos;
				SWIFT_ACTIVE_COMPILATION_CONDITIONS = DEBUG;
				SWIFT_OPTIMIZATION_LEVEL = "-Onone";
			};
			name = Debug;
		};
		035654C72A84B9D100A85015 /* Release */ = {
			isa = XCBuildConfiguration;
			buildSettings = {
				ALWAYS_SEARCH_USER_PATHS = NO;
				CLANG_ANALYZER_NONNULL = YES;
				CLANG_ANALYZER_NUMBER_OBJECT_CONVERSION = YES_AGGRESSIVE;
				CLANG_CXX_LANGUAGE_STANDARD = "gnu++20";
				CLANG_ENABLE_MODULES = YES;
				CLANG_ENABLE_OBJC_ARC = YES;
				CLANG_ENABLE_OBJC_WEAK = YES;
				CLANG_WARN_BLOCK_CAPTURE_AUTORELEASING = YES;
				CLANG_WARN_BOOL_CONVERSION = YES;
				CLANG_WARN_COMMA = YES;
				CLANG_WARN_CONSTANT_CONVERSION = YES;
				CLANG_WARN_DEPRECATED_OBJC_IMPLEMENTATIONS = YES;
				CLANG_WARN_DIRECT_OBJC_ISA_USAGE = YES_ERROR;
				CLANG_WARN_DOCUMENTATION_COMMENTS = YES;
				CLANG_WARN_EMPTY_BODY = YES;
				CLANG_WARN_ENUM_CONVERSION = YES;
				CLANG_WARN_INFINITE_RECURSION = YES;
				CLANG_WARN_INT_CONVERSION = YES;
				CLANG_WARN_NON_LITERAL_NULL_CONVERSION = YES;
				CLANG_WARN_OBJC_IMPLICIT_RETAIN_SELF = YES;
				CLANG_WARN_OBJC_LITERAL_CONVERSION = YES;
				CLANG_WARN_OBJC_ROOT_CLASS = YES_ERROR;
				CLANG_WARN_QUOTED_INCLUDE_IN_FRAMEWORK_HEADER = YES;
				CLANG_WARN_RANGE_LOOP_ANALYSIS = YES;
				CLANG_WARN_STRICT_PROTOTYPES = YES;
				CLANG_WARN_SUSPICIOUS_MOVE = YES;
				CLANG_WARN_UNGUARDED_AVAILABILITY = YES_AGGRESSIVE;
				CLANG_WARN_UNREACHABLE_CODE = YES;
				CLANG_WARN__DUPLICATE_METHOD_MATCH = YES;
				COPY_PHASE_STRIP = NO;
				DEBUG_INFORMATION_FORMAT = "dwarf-with-dsym";
				ENABLE_NS_ASSERTIONS = NO;
				ENABLE_STRICT_OBJC_MSGSEND = YES;
				GCC_C_LANGUAGE_STANDARD = gnu11;
				GCC_NO_COMMON_BLOCKS = YES;
				GCC_WARN_64_TO_32_BIT_CONVERSION = YES;
				GCC_WARN_ABOUT_RETURN_TYPE = YES_ERROR;
				GCC_WARN_UNDECLARED_SELECTOR = YES;
				GCC_WARN_UNINITIALIZED_AUTOS = YES_AGGRESSIVE;
				GCC_WARN_UNUSED_FUNCTION = YES;
				GCC_WARN_UNUSED_VARIABLE = YES;
				IPHONEOS_DEPLOYMENT_TARGET = 16.4;
				MTL_ENABLE_DEBUG_INFO = NO;
				MTL_FAST_MATH = YES;
				SDKROOT = iphoneos;
				SWIFT_COMPILATION_MODE = wholemodule;
				SWIFT_OPTIMIZATION_LEVEL = "-O";
				VALIDATE_PRODUCT = YES;
			};
			name = Release;
		};
		035654C92A84B9D100A85015 /* Debug */ = {
			isa = XCBuildConfiguration;
			buildSettings = {
				ASSETCATALOG_COMPILER_APPICON_NAME = AppIcon;
				ASSETCATALOG_COMPILER_GLOBAL_ACCENT_COLOR_NAME = AccentColor;
				CODE_SIGN_STYLE = Automatic;
				CURRENT_PROJECT_VERSION = 1;
				GENERATE_INFOPLIST_FILE = YES;
				INFOPLIST_FILE = HwMemo/Info.plist;
				INFOPLIST_KEY_UIApplicationSupportsIndirectInputEvents = YES;
				INFOPLIST_KEY_UILaunchStoryboardName = LaunchScreen;
				INFOPLIST_KEY_UIMainStoryboardFile = Main;
				INFOPLIST_KEY_UISupportedInterfaceOrientations_iPad = "UIInterfaceOrientationPortrait UIInterfaceOrientationPortraitUpsideDown UIInterfaceOrientationLandscapeLeft UIInterfaceOrientationLandscapeRight";
				INFOPLIST_KEY_UISupportedInterfaceOrientations_iPhone = "UIInterfaceOrientationPortrait UIInterfaceOrientationLandscapeLeft UIInterfaceOrientationLandscapeRight";
				LD_RUNPATH_SEARCH_PATHS = (
					"$(inherited)",
					"@executable_path/Frameworks",
				);
				MARKETING_VERSION = 1.0;
				PRODUCT_BUNDLE_IDENTIFIER = "https---www.notion.so-15-38958237a1b143eb8c539cf1b455dd3e.HwMemo";
				PRODUCT_NAME = "$(TARGET_NAME)";
				SWIFT_EMIT_LOC_STRINGS = YES;
				SWIFT_VERSION = 5.0;
				TARGETED_DEVICE_FAMILY = "1,2";
			};
			name = Debug;
		};
		035654CA2A84B9D100A85015 /* Release */ = {
			isa = XCBuildConfiguration;
			buildSettings = {
				ASSETCATALOG_COMPILER_APPICON_NAME = AppIcon;
				ASSETCATALOG_COMPILER_GLOBAL_ACCENT_COLOR_NAME = AccentColor;
				CODE_SIGN_STYLE = Automatic;
				CURRENT_PROJECT_VERSION = 1;
				GENERATE_INFOPLIST_FILE = YES;
				INFOPLIST_FILE = HwMemo/Info.plist;
				INFOPLIST_KEY_UIApplicationSupportsIndirectInputEvents = YES;
				INFOPLIST_KEY_UILaunchStoryboardName = LaunchScreen;
				INFOPLIST_KEY_UIMainStoryboardFile = Main;
				INFOPLIST_KEY_UISupportedInterfaceOrientations_iPad = "UIInterfaceOrientationPortrait UIInterfaceOrientationPortraitUpsideDown UIInterfaceOrientationLandscapeLeft UIInterfaceOrientationLandscapeRight";
				INFOPLIST_KEY_UISupportedInterfaceOrientations_iPhone = "UIInterfaceOrientationPortrait UIInterfaceOrientationLandscapeLeft UIInterfaceOrientationLandscapeRight";
				LD_RUNPATH_SEARCH_PATHS = (
					"$(inherited)",
					"@executable_path/Frameworks",
				);
				MARKETING_VERSION = 1.0;
				PRODUCT_BUNDLE_IDENTIFIER = "https---www.notion.so-15-38958237a1b143eb8c539cf1b455dd3e.HwMemo";
				PRODUCT_NAME = "$(TARGET_NAME)";
				SWIFT_EMIT_LOC_STRINGS = YES;
				SWIFT_VERSION = 5.0;
				TARGETED_DEVICE_FAMILY = "1,2";
			};
			name = Release;
		};
/* End XCBuildConfiguration section */

/* Begin XCConfigurationList section */
		035654AC2A84B9D000A85015 /* Build configuration list for PBXProject "HwMemo" */ = {
			isa = XCConfigurationList;
			buildConfigurations = (
				035654C62A84B9D100A85015 /* Debug */,
				035654C72A84B9D100A85015 /* Release */,
			);
			defaultConfigurationIsVisible = 0;
			defaultConfigurationName = Release;
		};
		035654C82A84B9D100A85015 /* Build configuration list for PBXNativeTarget "HwMemo" */ = {
			isa = XCConfigurationList;
			buildConfigurations = (
				035654C92A84B9D100A85015 /* Debug */,
				035654CA2A84B9D100A85015 /* Release */,
			);
			defaultConfigurationIsVisible = 0;
			defaultConfigurationName = Release;
		};
/* End XCConfigurationList section */

/* Begin XCVersionGroup section */
		035654BD2A84B9D000A85015 /* HwMemo.xcdatamodeld */ = {
			isa = XCVersionGroup;
			children = (
				035654BE2A84B9D000A85015 /* HwMemo.xcdatamodel */,
			);
			currentVersion = 035654BE2A84B9D000A85015 /* HwMemo.xcdatamodel */;
			path = HwMemo.xcdatamodeld;
			sourceTree = "<group>";
			versionGroupType = wrapper.xcdatamodel;
		};
/* End XCVersionGroup section */
	};
	rootObject = 035654A92A84B9D000A85015 /* Project object */;
}
